PODS:
  - AFNetworking (3.1.0):
    - AFNetworking/NSURLSession (= 3.1.0)
    - AFNetworking/Reachability (= 3.1.0)
    - AFNetworking/Security (= 3.1.0)
    - AFNetworking/Serialization (= 3.1.0)
    - AFNetworking/UIKit (= 3.1.0)
  - AFNetworking/NSURLSession (3.1.0):
    - AFNetworking/Reachability
    - AFNetworking/Security
    - AFNetworking/Serialization
  - AFNetworking/Reachability (3.1.0)
  - AFNetworking/Security (3.1.0)
  - AFNetworking/Serialization (3.1.0)
  - AFNetworking/UIKit (3.1.0):
    - AFNetworking/NSURLSession
  - AMap3DMap (4.0.3):
    - AMapFoundation (~> 1.0)
  - AMapFoundation (1.1.0)
  - AMapNavi (2.0.0):
    - AMap3DMap (~> 4.0)
    - AMapFoundation (~> 1.0)
  - AMapSearch (4.1.0):
    - AMapFoundation (~> 1.0)
  - PNChart (0.8.9):
    - UICountingLabel (~> 1.2.0)
  - pop (1.0.9)
  - PopMenu (2.4):
    - pop
    - XHRealTimeBlur
  - UICountingLabel (1.2.0)
  - XHRealTimeBlur (1.7)

DEPENDENCIES:
  - AFNetworking
  - AMap3DMap
  - AMapNavi
  - AMapSearch
  - PNChart
  - PopMenu

SPEC CHECKSUMS:
  AFNetworking: 5e0e199f73d8626b11e79750991f5d173d1f8b67
  AMap3DMap: 8619d67fe7b3bbe45abf74b3434eb9ab20220507
  AMapFoundation: 15db20567e6512422a086a01b42a88b145bc2500
  AMapNavi: d6d94118143ce1d3e3117d8085750fae5af55af4
  AMapSearch: cb4722480d2d4331a032d43bd1070ed0fa55dac9
  PNChart: 84774d225c2126ded6c93d4dbe6ae98c3a73c2d2
  pop: f667631a5108a2e60d9e8797c9b32ddaf2080bce
  PopMenu: 26b97baeaf250070f4f61b93727ca86d127d7bc5
  UICountingLabel: 1db4e7d023e1762171eb226d6dff47a7a84f27aa
  XHRealTimeBlur: 661fadd5691ba2d349758e8fd5fbdb499ac55f8c

PODFILE CHECKSUM: 152301c26ef43606a41b21e2035d3f31b23de5c3

COCOAPODS: 1.0.1
